{
  "name": "check-node",
  "version": "1.0.0",
  "lockfileVersion": 2,
  "requires": true,
  "packages": {
    "": {
      "name": "check-node",
      "version": "1.0.0",
      "license": "ISC",
      "dependencies": {
        "node.js": "^0.0.1-security"
      },
      "devDependencies": {}
    },
    "node_modules/node.js": {
      "version": "0.0.1-security"
    }
  },
  "dependencies": {
    "node.js": {
      "version": "0.0.1-security"
    }
  }
}
